
Microsoft Visual Studio Solution File, Format Version 12.00
# Visual Studio Version 16
VisualStudioVersion = 16.0.30413.136
MinimumVisualStudioVersion = 10.0.40219.1
Project("{FAE04EC0-301F-11D3-BF4B-00C04F79EFBC}") = "Chess", "Chess\Chess.csproj", "{A31BAF82-B9AD-4775-9D8F-C147A88AA176}"
EndProject
Global
	GlobalSection(SolutionConfigurationPlatforms) = preSolution
		Debug|Any CPU = Debug|Any CPU
		Release|Any CPU = Release|Any CPU
	EndGlobalSection
	GlobalSection(ProjectConfigurationPlatforms) = postSolution
		{A31BAF82-B9AD-4775-9D8F-C147A88AA176}.Debug|Any CPU.ActiveCfg = Debug|Any CPU
		{A31BAF82-B9AD-4775-9D8F-C147A88AA176}.Debug|Any CPU.Build.0 = Debug|Any CPU
		{A31BAF82-B9AD-4775-9D8F-C147A88AA176}.Release|Any CPU.ActiveCfg = Release|Any CPU
		{A31BAF82-B9AD-4775-9D8F-C147A88AA176}.Release|Any CPU.Build.0 = Release|Any CPU
	EndGlobalSection
	GlobalSection(SolutionProperties) = preSolution
		HideSolutionNode = FALSE
	EndGlobalSection
	GlobalSection(ExtensibilityGlobals) = postSolution
		SolutionGuid = {A94FD864-B25A-489F-8FCF-3C4FD7F618C5}
	EndGlobalSection
EndGlobal
